
Microsoft Visual Studio Solution File, Format Version 12.00
# Visual Studio Version 16
VisualStudioVersion = 16.0.29926.136
MinimumVisualStudioVersion = 10.0.40219.1
Project("{FAE04EC0-301F-11D3-BF4B-00C04F79EFBC}") = "Sistema_Facturacion", "Sistema_Facturacion\Sistema_Facturacion.csproj", "{7ACF5A8D-F4D5-45BC-990A-538F4604FB91}"
EndProject
Global
	GlobalSection(SolutionConfigurationPlatforms) = preSolution
		Debug|Any CPU = Debug|Any CPU
		Release|Any CPU = Release|Any CPU
	EndGlobalSection
	GlobalSection(ProjectConfigurationPlatforms) = postSolution
		{7ACF5A8D-F4D5-45BC-990A-538F4604FB91}.Debug|Any CPU.ActiveCfg = Debug|Any CPU
		{7ACF5A8D-F4D5-45BC-990A-538F4604FB91}.Debug|Any CPU.Build.0 = Debug|Any CPU
		{7ACF5A8D-F4D5-45BC-990A-538F4604FB91}.Release|Any CPU.ActiveCfg = Release|Any CPU
		{7ACF5A8D-F4D5-45BC-990A-538F4604FB91}.Release|Any CPU.Build.0 = Release|Any CPU
	EndGlobalSection
	GlobalSection(SolutionProperties) = preSolution
		HideSolutionNode = FALSE
	EndGlobalSection
	GlobalSection(ExtensibilityGlobals) = postSolution
		SolutionGuid = {F17578BB-9008-43EC-9B03-1D224D9AD2F4}
	EndGlobalSection
EndGlobal
